
Microsoft Visual Studio Solution File, Format Version 12.00
# Visual Studio Version 17
VisualStudioVersion = 17.1.32210.238
MinimumVisualStudioVersion = 10.0.40219.1
Project("{FAE04EC0-301F-11D3-BF4B-00C04F79EFBC}") = "PasswordGenerator", "PasswordGenerator.csproj", "{4F110DBF-62CF-43DE-AE7A-2FA50829E56B}"
EndProject
Global
	GlobalSection(SolutionConfigurationPlatforms) = preSolution
		Debug|Any CPU = Debug|Any CPU
		Release|Any CPU = Release|Any CPU
	EndGlobalSection
	GlobalSection(ProjectConfigurationPlatforms) = postSolution
		{4F110DBF-62CF-43DE-AE7A-2FA50829E56B}.Debug|Any CPU.ActiveCfg = Debug|Any CPU
		{4F110DBF-62CF-43DE-AE7A-2FA50829E56B}.Debug|Any CPU.Build.0 = Debug|Any CPU
		{4F110DBF-62CF-43DE-AE7A-2FA50829E56B}.Release|Any CPU.ActiveCfg = Release|Any CPU
		{4F110DBF-62CF-43DE-AE7A-2FA50829E56B}.Release|Any CPU.Build.0 = Release|Any CPU
	EndGlobalSection
	GlobalSection(SolutionProperties) = preSolution
		HideSolutionNode = FALSE
	EndGlobalSection
	GlobalSection(ExtensibilityGlobals) = postSolution
		SolutionGuid = {6C92CF57-6453-4F9E-90A7-7883FE2E6166}
	EndGlobalSection
EndGlobal
